Microsoft Visual Studio Solution File, Format Version 12.00
# Visual Studio Version 17
VisualStudioVersion = 17.0.31903.59
MinimumVisualStudioVersion = 10.0.40219.1
Project("{FAE04EC0-301F-11D3-BF4B-00C04F79EFBC}") = "Atlas.Domain", "src\Atlas.Domain\Atlas.Domain.csproj", "{9B0356B8-6AE5-4D8A-BD19-9F39B0FCFE9D}"
EndProject
Project("{FAE04EC0-301F-11D3-BF4B-00C04F79EFBC}") = "Atlas.Api", "src\Atlas.Api\Atlas.Api.csproj", "{50C87053-6C75-4274-9B3D-574F2B08736E}"
EndProject
Global
	GlobalSection(SolutionConfigurationPlatforms) = preSolution
		Debug|Any CPU = Debug|Any CPU
		Release|Any CPU = Release|Any CPU
	EndGlobalSection
	GlobalSection(ProjectConfigurationPlatforms) = postSolution
		{9B0356B8-6AE5-4D8A-BD19-9F39B0FCFE9D}.Debug|Any CPU.ActiveCfg = Debug|Any CPU
		{9B0356B8-6AE5-4D8A-BD19-9F39B0FCFE9D}.Debug|Any CPU.Build.0 = Debug|Any CPU
		{9B0356B8-6AE5-4D8A-BD19-9F39B0FCFE9D}.Release|Any CPU.ActiveCfg = Release|Any CPU
		{9B0356B8-6AE5-4D8A-BD19-9F39B0FCFE9D}.Release|Any CPU.Build.0 = Release|Any CPU
		{50C87053-6C75-4274-9B3D-574F2B08736E}.Debug|Any CPU.ActiveCfg = Debug|Any CPU
		{50C87053-6C75-4274-9B3D-574F2B08736E}.Debug|Any CPU.Build.0 = Debug|Any CPU
		{50C87053-6C75-4274-9B3D-574F2B08736E}.Release|Any CPU.ActiveCfg = Release|Any CPU
		{50C87053-6C75-4274-9B3D-574F2B08736E}.Release|Any CPU.Build.0 = Release|Any CPU
	EndGlobalSection
EndGlobal
